
Microsoft Visual Studio Solution File, Format Version 12.00
# Visual Studio Version 17
VisualStudioVersion = 17.13.35931.197 d17.13
MinimumVisualStudioVersion = 10.0.40219.1
Project("{FAE04EC0-301F-11D3-BF4B-00C04F79EFBC}") = "SkillBridge.DataAccess", "..\..\SkillBridge\SkillBridge.DataAccess\SkillBridge.DataAccess\SkillBridge.DataAccess.csproj", "{F1A447D2-2B3D-CB2C-E9C6-1226BBF0882A}"
EndProject
Project("{FAE04EC0-301F-11D3-BF4B-00C04F79EFBC}") = "SkillBridge.Service", "..\..\SkillBridge\SkillBridge.Service\SkillBridge.Service.csproj", "{BD0A9085-A687-883D-DCB9-5FC56AA40B91}"
EndProject
Project("{FAE04EC0-301F-11D3-BF4B-00C04F79EFBC}") = "SkillBridge.WebAPI", "..\..\SkillBridge\SkillBridge.WebAPI\SkillBridge.WebAPI.csproj", "{5E503C0A-E006-EBA2-2515-537E6D89CC02}"
EndProject
Global
	GlobalSection(SolutionConfigurationPlatforms) = preSolution
		Debug|Any CPU = Debug|Any CPU
		Release|Any CPU = Release|Any CPU
	EndGlobalSection
	GlobalSection(ProjectConfigurationPlatforms) = postSolution
		{F1A447D2-2B3D-CB2C-E9C6-1226BBF0882A}.Debug|Any CPU.ActiveCfg = Debug|Any CPU
		{F1A447D2-2B3D-CB2C-E9C6-1226BBF0882A}.Debug|Any CPU.Build.0 = Debug|Any CPU
		{F1A447D2-2B3D-CB2C-E9C6-1226BBF0882A}.Release|Any CPU.ActiveCfg = Release|Any CPU
		{F1A447D2-2B3D-CB2C-E9C6-1226BBF0882A}.Release|Any CPU.Build.0 = Release|Any CPU
		{BD0A9085-A687-883D-DCB9-5FC56AA40B91}.Debug|Any CPU.ActiveCfg = Debug|Any CPU
		{BD0A9085-A687-883D-DCB9-5FC56AA40B91}.Debug|Any CPU.Build.0 = Debug|Any CPU
		{BD0A9085-A687-883D-DCB9-5FC56AA40B91}.Release|Any CPU.ActiveCfg = Release|Any CPU
		{BD0A9085-A687-883D-DCB9-5FC56AA40B91}.Release|Any CPU.Build.0 = Release|Any CPU
		{5E503C0A-E006-EBA2-2515-537E6D89CC02}.Debug|Any CPU.ActiveCfg = Debug|Any CPU
		{5E503C0A-E006-EBA2-2515-537E6D89CC02}.Debug|Any CPU.Build.0 = Debug|Any CPU
		{5E503C0A-E006-EBA2-2515-537E6D89CC02}.Release|Any CPU.ActiveCfg = Release|Any CPU
		{5E503C0A-E006-EBA2-2515-537E6D89CC02}.Release|Any CPU.Build.0 = Release|Any CPU
	EndGlobalSection
	GlobalSection(SolutionProperties) = preSolution
		HideSolutionNode = FALSE
	EndGlobalSection
	GlobalSection(ExtensibilityGlobals) = postSolution
		SolutionGuid = {D39EC0C4-071C-46FC-ABEF-DD45B504A540}
	EndGlobalSection
EndGlobal
