
Microsoft Visual Studio Solution File, Format Version 12.00
# Visual Studio Version 17
VisualStudioVersion = 17.13.35931.197 d17.13
MinimumVisualStudioVersion = 10.0.40219.1
Project("{FAE04EC0-301F-11D3-BF4B-00C04F79EFBC}") = "SkillBridge.DataAccess", "SkillBridge.DataAccess\SkillBridge.DataAccess.csproj", "{64F82D3B-5C3E-4CB7-8E0F-4491076FA93F}"
EndProject
Project("{FAE04EC0-301F-11D3-BF4B-00C04F79EFBC}") = "SkillBridge.Service", "..\SkillBridge.Service\SkillBridge.Service.csproj", "{3E9236DC-108C-49DE-AF4A-6E50FEBA9BBE}"
EndProject
Project("{FAE04EC0-301F-11D3-BF4B-00C04F79EFBC}") = "SkillBridge.WebAPI", "..\SkillBridge.WebAPI\SkillBridge.WebAPI.csproj", "{FBEBE399-0118-4F61-AC0B-4523C3BE0688}"
EndProject
Global
	GlobalSection(SolutionConfigurationPlatforms) = preSolution
		Debug|Any CPU = Debug|Any CPU
		Release|Any CPU = Release|Any CPU
	EndGlobalSection
	GlobalSection(ProjectConfigurationPlatforms) = postSolution
		{64F82D3B-5C3E-4CB7-8E0F-4491076FA93F}.Debug|Any CPU.ActiveCfg = Debug|Any CPU
		{64F82D3B-5C3E-4CB7-8E0F-4491076FA93F}.Debug|Any CPU.Build.0 = Debug|Any CPU
		{64F82D3B-5C3E-4CB7-8E0F-4491076FA93F}.Release|Any CPU.ActiveCfg = Release|Any CPU
		{64F82D3B-5C3E-4CB7-8E0F-4491076FA93F}.Release|Any CPU.Build.0 = Release|Any CPU
		{3E9236DC-108C-49DE-AF4A-6E50FEBA9BBE}.Debug|Any CPU.ActiveCfg = Debug|Any CPU
		{3E9236DC-108C-49DE-AF4A-6E50FEBA9BBE}.Debug|Any CPU.Build.0 = Debug|Any CPU
		{3E9236DC-108C-49DE-AF4A-6E50FEBA9BBE}.Release|Any CPU.ActiveCfg = Release|Any CPU
		{3E9236DC-108C-49DE-AF4A-6E50FEBA9BBE}.Release|Any CPU.Build.0 = Release|Any CPU
		{FBEBE399-0118-4F61-AC0B-4523C3BE0688}.Debug|Any CPU.ActiveCfg = Debug|Any CPU
		{FBEBE399-0118-4F61-AC0B-4523C3BE0688}.Debug|Any CPU.Build.0 = Debug|Any CPU
		{FBEBE399-0118-4F61-AC0B-4523C3BE0688}.Release|Any CPU.ActiveCfg = Release|Any CPU
		{FBEBE399-0118-4F61-AC0B-4523C3BE0688}.Release|Any CPU.Build.0 = Release|Any CPU
	EndGlobalSection
	GlobalSection(SolutionProperties) = preSolution
		HideSolutionNode = FALSE
	EndGlobalSection
	GlobalSection(ExtensibilityGlobals) = postSolution
		SolutionGuid = {17B9093D-2BBB-4B08-A90C-F1CC820AC566}
	EndGlobalSection
EndGlobal
